
Microsoft Visual Studio Solution File, Format Version 12.00
# Visual Studio 15
VisualStudioVersion = 15.0.27130.2027
MinimumVisualStudioVersion = 10.0.40219.1
Project("{FAE04EC0-301F-11D3-BF4B-00C04F79EFBC}") = "Control mediante listas enlazadas", "Control mediante listas enlazadas\Control mediante listas enlazadas.csproj", "{6A02EB2B-4DD8-4877-953F-95ACE2AE2AAF}"
EndProject
Global
	GlobalSection(SolutionConfigurationPlatforms) = preSolution
		Debug|Any CPU = Debug|Any CPU
		Release|Any CPU = Release|Any CPU
	EndGlobalSection
	GlobalSection(ProjectConfigurationPlatforms) = postSolution
		{6A02EB2B-4DD8-4877-953F-95ACE2AE2AAF}.Debug|Any CPU.ActiveCfg = Debug|Any CPU
		{6A02EB2B-4DD8-4877-953F-95ACE2AE2AAF}.Debug|Any CPU.Build.0 = Debug|Any CPU
		{6A02EB2B-4DD8-4877-953F-95ACE2AE2AAF}.Release|Any CPU.ActiveCfg = Release|Any CPU
		{6A02EB2B-4DD8-4877-953F-95ACE2AE2AAF}.Release|Any CPU.Build.0 = Release|Any CPU
	EndGlobalSection
	GlobalSection(SolutionProperties) = preSolution
		HideSolutionNode = FALSE
	EndGlobalSection
	GlobalSection(ExtensibilityGlobals) = postSolution
		SolutionGuid = {170E7A1F-EA19-4783-BD49-00A0FD00210F}
	EndGlobalSection
EndGlobal
